{
  "object": {
    "pins": [
      {
        "package": "NotificationStackView",
        "repositoryURL": "https://github.com/saddamakhtar88/NotificationStackView.git",
        "state": {
          "branch": "master",
          "revision": "adb88bc78ac84ca5086abbb9752209ff4d2e26b2",
          "version": null
        }
      }
    ]
  },
  "version": 1
}
