{
  "object": {
    "pins": [
      {
        "package": "NotificationStackView",
        "repositoryURL": "https://github.com/saddamakhtar88/NotificationStackView.git",
        "state": {
          "branch": "master",
          "revision": "3c724c817020067abfb6dfa809df9f9266194d7d",
          "version": null
        }
      }
    ]
  },
  "version": 1
}
